<?xml version="1.0" encoding="utf-8"?>
<Project ToolsVersion="4.0" xmlns="http://schemas.microsoft.com/developer/msbuild/2003">
  <ItemGroup>
    <Filter Include="Source Files">
      <UniqueIdentifier>{4FC737F1-C7A5-4376-A066-2A32D752A2FF}</UniqueIdentifier>
      <Extensions>cpp;c;cc;cxx;c++;cppm;ixx;def;odl;idl;hpj;bat;asm;asmx</Extensions>
    </Filter>
    <Filter Include="Header Files">
      <UniqueIdentifier>{93995380-89BD-4b04-88EB-625FBE52EBFB}</UniqueIdentifier>
      <Extensions>h;hh;hpp;hxx;h++;hm;inl;inc;ipp;xsd</Extensions>
    </Filter>
    <Filter Include="Resource Files">
      <UniqueIdentifier>{67DA6AB6-F800-4c08-8B7A-83BB121AAD01}</UniqueIdentifier>
      <Extensions>rc;ico;cur;bmp;dlg;rc2;rct;bin;rgs;gif;jpg;jpeg;jpe;resx;tiff;tif;png;wav;mfcribbon-ms</Extensions>
    </Filter>
  </ItemGroup>
  <ItemGroup>
    <ClInclude Include="GDI_PLUS_KDY.h">
      <Filter>Header Files</Filter>
    </ClInclude>
    <ClInclude Include="framework.h">
      <Filter>Header Files</Filter>
    </ClInclude>
    <ClInclude Include="targetver.h">
      <Filter>Header Files</Filter>
    </ClInclude>
    <ClInclude Include="MainFrm.h">
      <Filter>Header Files</Filter>
    </ClInclude>
    <ClInclude Include="ChildFrm.h">
      <Filter>Header Files</Filter>
    </ClInclude>
    <ClInclude Include="GDI_PLUS_KDYDoc.h">
      <Filter>Header Files</Filter>
    </ClInclude>
    <ClInclude Include="GDI_PLUS_KDYView.h">
      <Filter>Header Files</Filter>
    </ClInclude>
    <ClInclude Include="Resource.h">
      <Filter>Header Files</Filter>
    </ClInclude>
    <ClInclude Include="pch.h">
      <Filter>Header Files</Filter>
    </ClInclude>
    <ClInclude Include="figure_class.h">
      <Filter>Header Files</Filter>
    </ClInclude>
    <ClInclude Include="MyCustomButtonCtrl.h">
      <Filter>Header Files</Filter>
    </ClInclude>
  </ItemGroup>
  <ItemGroup>
    <ClCompile Include="GDI_PLUS_KDY.cpp">
      <Filter>Source Files</Filter>
    </ClCompile>
    <ClCompile Include="MainFrm.cpp">
      <Filter>Source Files</Filter>
    </ClCompile>
    <ClCompile Include="ChildFrm.cpp">
      <Filter>Source Files</Filter>
    </ClCompile>
    <ClCompile Include="GDI_PLUS_KDYDoc.cpp">
      <Filter>Source Files</Filter>
    </ClCompile>
    <ClCompile Include="GDI_PLUS_KDYView.cpp">
      <Filter>Source Files</Filter>
    </ClCompile>
    <ClCompile Include="pch.cpp">
      <Filter>Source Files</Filter>
    </ClCompile>
    <ClCompile Include="figure_class.cpp">
      <Filter>Source Files</Filter>
    </ClCompile>
    <ClCompile Include="MyCustomButtonCtrl.cpp">
      <Filter>Resource Files</Filter>
    </ClCompile>
  </ItemGroup>
  <ItemGroup>
    <ResourceCompile Include="GDIPLUSKDY.rc">
      <Filter>Resource Files</Filter>
    </ResourceCompile>
  </ItemGroup>
  <ItemGroup>
    <None Include="res\GDIPLUSKDY.rc2">
      <Filter>Resource Files</Filter>
    </None>
  </ItemGroup>
  <ItemGroup>
    <Image Include="res\GDI_PLUS_KDYDoc.ico">
      <Filter>Resource Files</Filter>
    </Image>
    <Image Include="res\GDI_PLUS_KDY.ico">
      <Filter>Resource Files</Filter>
    </Image>
    <Image Include="res\Toolbar.bmp">
      <Filter>Resource Files</Filter>
    </Image>
    <Image Include="image\square.png">
      <Filter>Resource Files</Filter>
    </Image>
    <Image Include="image\square_32.png">
      <Filter>Resource Files</Filter>
    </Image>
    <Image Include="image\tombstone.png">
      <Filter>Resource Files</Filter>
    </Image>
    <Image Include="image\16px-example.png">
      <Filter>Resource Files</Filter>
    </Image>
    <Image Include="res\bitmap1.bmp">
      <Filter>Resource Files</Filter>
    </Image>
    <Image Include="image\16px-example.bmp">
      <Filter>Resource Files</Filter>
    </Image>
    <Image Include="image\bmp_24.bmp">
      <Filter>Resource Files</Filter>
    </Image>
    <Image Include="image\toolbar1.bmp">
      <Filter>Resource Files</Filter>
    </Image>
    <Image Include="image\image\toolbar.bmp">
      <Filter>Resource Files</Filter>
    </Image>
    <Image Include="image\toolbar.bmp">
      <Filter>Resource Files</Filter>
    </Image>
    <Image Include="image\aaaa.bmp">
      <Filter>Resource Files</Filter>
    </Image>
    <Image Include="image\bitmap3.bmp">
      <Filter>Resource Files</Filter>
    </Image>
    <Image Include="res\aaaa.bmp">
      <Filter>Resource Files</Filter>
    </Image>
    <Image Include="res\Toolbar1.bmp">
      <Filter>Resource Files</Filter>
    </Image>
    <Image Include="res\test.bmp">
      <Filter>Resource Files</Filter>
    </Image>
    <Image Include="image\toobar_freeImage.bmp">
      <Filter>Resource Files</Filter>
    </Image>
    <Image Include="image\toobar_freeImage4bit.bmp">
      <Filter>Resource Files</Filter>
    </Image>
    <Image Include="image\testFreeBitmap4bit.bmp">
      <Filter>Resource Files</Filter>
    </Image>
    <Image Include="image\toolbar_freeimage.bmp">
      <Filter>Resource Files</Filter>
    </Image>
  </ItemGroup>
</Project>